<?xml version="1.0" encoding="utf-8"?>
<Project ToolsVersion="4.0" xmlns="http://schemas.microsoft.com/developer/msbuild/2003">
  <ItemGroup>
    <Filter Include="Resource Files">
      <UniqueIdentifier>{67DA6AB6-F800-4c08-8B7A-83BB121AAD01}</UniqueIdentifier>
      <Extensions>rc;ico;cur;bmp;dlg;rc2;rct;bin;rgs;gif;jpg;jpeg;jpe;resx;tiff;tif;png;wav;mfcribbon-ms</Extensions>
    </Filter>
    <Filter Include="Core">
      <UniqueIdentifier>{a870d38c-9086-4bee-a139-bd1dfbea3e93}</UniqueIdentifier>
    </Filter>
  </ItemGroup>
  <ItemGroup>
    <ClCompile Include="Source\Main.cpp">
      <Filter>Core</Filter>
    </ClCompile>
    <ClCompile Include="Source\XTime.cpp">
      <Filter>Core</Filter>
    </ClCompile>
    <ClCompile Include="Source\Game.cpp">
      <Filter>Core</Filter>
    </ClCompile>
    <ClCompile Include="Source\InputManager.cpp">
      <Filter>Core</Filter>
    </ClCompile>
  </ItemGroup>
  <ItemGroup>
    <ClInclude Include="Source\Game.h">
      <Filter>Core</Filter>
    </ClInclude>
    <ClInclude Include="Source\XTime.h">
      <Filter>Core</Filter>
    </ClInclude>
    <ClInclude Include="Source\InputManager.h">
      <Filter>Core</Filter>
    </ClInclude>
    <ClInclude Include="Source\Keys.h">
      <Filter>Core</Filter>
    </ClInclude>
  </ItemGroup>
</Project>